// !$*UTF8*$!
{
	archiveVersion = 1;
	classes = {
	};
	objectVersion = 56;
	objects = {

/* Begin PBXBuildFile section */
		6FE1647B297D87E6008FFB01 /* AppDelegate.swift in Sources */ = {isa = PBXBuildFile; fileRef = 6FE1647A297D87E6008FFB01 /* AppDelegate.swift */; };
		6FE1647D297D87E6008FFB01 /* SceneDelegate.swift in Sources */ = {isa = PBXBuildFile; fileRef = 6FE1647C297D87E6008FFB01 /* SceneDelegate.swift */; };
		6FE1647F297D87E6008FFB01 /* ViewController.swift in Sources */ = {isa = PBXBuildFile; fileRef = 6FE1647E297D87E6008FFB01 /* ViewController.swift */; };
		6FE16482297D87E6008FFB01 /* Main.storyboard in Resources */ = {isa = PBXBuildFile; fileRef = 6FE16480297D87E6008FFB01 /* Main.storyboard */; };
		6FE16484297D87E8008FFB01 /* Assets.xcassets in Resources */ = {isa = PBXBuildFile; fileRef = 6FE16483297D87E8008FFB01 /* Assets.xcassets */; };
		6FE16487297D87E8008FFB01 /* LaunchScreen.storyboard in Resources */ = {isa = PBXBuildFile; fileRef = 6FE16485297D87E8008FFB01 /* LaunchScreen.storyboard */; };
		6FE1648F297D8922008FFB01 /* video.mov in Resources */ = {isa = PBXBuildFile; fileRef = 6FE1648E297D8921008FFB01 /* video.mov */; };
		6FE16492297DC92C008FFB01 /* TabBarViewController.swift in Sources */ = {isa = PBXBuildFile; fileRef = 6FE16491297DC92C008FFB01 /* TabBarViewController.swift */; };
		6FE16494297DC97A008FFB01 /* HomeViewController.swift in Sources */ = {isa = PBXBuildFile; fileRef = 6FE16493297DC97A008FFB01 /* HomeViewController.swift */; };
		6FE16496297DC9B6008FFB01 /* TikTokVideoViewController.swift in Sources */ = {isa = PBXBuildFile; fileRef = 6FE16495297DC9B6008FFB01 /* TikTokVideoViewController.swift */; };
		6FE16498297DC9FE008FFB01 /* PeliculasViewController.swift in Sources */ = {isa = PBXBuildFile; fileRef = 6FE16497297DC9FE008FFB01 /* PeliculasViewController.swift */; };
		6FE1649B297DCE31008FFB01 /* VideoCollectionViewCell.swift in Sources */ = {isa = PBXBuildFile; fileRef = 6FE1649A297DCE31008FFB01 /* VideoCollectionViewCell.swift */; };
		6FE1649E297DCEC2008FFB01 /* VideoModel.swift in Sources */ = {isa = PBXBuildFile; fileRef = 6FE1649D297DCEC2008FFB01 /* VideoModel.swift */; };
		6FE164A5297EEE9D008FFB01 /* video2.MP4 in Resources */ = {isa = PBXBuildFile; fileRef = 6FE164A4297EEE9D008FFB01 /* video2.MP4 */; };
		6FE164A8297EEEBA008FFB01 /* video4.MP4 in Resources */ = {isa = PBXBuildFile; fileRef = 6FE164A6297EEEBA008FFB01 /* video4.MP4 */; };
		6FE164A9297EEEBA008FFB01 /* video3.MP4 in Resources */ = {isa = PBXBuildFile; fileRef = 6FE164A7297EEEBA008FFB01 /* video3.MP4 */; };
/* End PBXBuildFile section */

/* Begin PBXFileReference section */
		6FE16477297D87E6008FFB01 /* feedTikTok.app */ = {isa = PBXFileReference; explicitFileType = wrapper.application; includeInIndex = 0; path = feedTikTok.app; sourceTree = BUILT_PRODUCTS_DIR; };
		6FE1647A297D87E6008FFB01 /* AppDelegate.swift */ = {isa = PBXFileReference; lastKnownFileType = sourcecode.swift; path = AppDelegate.swift; sourceTree = "<group>"; };
		6FE1647C297D87E6008FFB01 /* SceneDelegate.swift */ = {isa = PBXFileReference; lastKnownFileType = sourcecode.swift; path = SceneDelegate.swift; sourceTree = "<group>"; };
		6FE1647E297D87E6008FFB01 /* ViewController.swift */ = {isa = PBXFileReference; lastKnownFileType = sourcecode.swift; path = ViewController.swift; sourceTree = "<group>"; };
		6FE16481297D87E6008FFB01 /* Base */ = {isa = PBXFileReference; lastKnownFileType = file.storyboard; name = Base; path = Base.lproj/Main.storyboard; sourceTree = "<group>"; };
		6FE16483297D87E8008FFB01 /* Assets.xcassets */ = {isa = PBXFileReference; lastKnownFileType = folder.assetcatalog; path = Assets.xcassets; sourceTree = "<group>"; };
		6FE16486297D87E8008FFB01 /* Base */ = {isa = PBXFileReference; lastKnownFileType = file.storyboard; name = Base; path = Base.lproj/LaunchScreen.storyboard; sourceTree = "<group>"; };
		6FE16488297D87E8008FFB01 /* Info.plist */ = {isa = PBXFileReference; lastKnownFileType = text.plist.xml; path = Info.plist; sourceTree = "<group>"; };
		6FE1648E297D8921008FFB01 /* video.mov */ = {isa = PBXFileReference; lastKnownFileType = video.quicktime; path = video.mov; sourceTree = "<group>"; };
		6FE16491297DC92C008FFB01 /* TabBarViewController.swift */ = {isa = PBXFileReference; lastKnownFileType = sourcecode.swift; path = TabBarViewController.swift; sourceTree = "<group>"; };
		6FE16493297DC97A008FFB01 /* HomeViewController.swift */ = {isa = PBXFileReference; lastKnownFileType = sourcecode.swift; path = HomeViewController.swift; sourceTree = "<group>"; };
		6FE16495297DC9B6008FFB01 /* TikTokVideoViewController.swift */ = {isa = PBXFileReference; lastKnownFileType = sourcecode.swift; path = TikTokVideoViewController.swift; sourceTree = "<group>"; };
		6FE16497297DC9FE008FFB01 /* PeliculasViewController.swift */ = {isa = PBXFileReference; lastKnownFileType = sourcecode.swift; path = PeliculasViewController.swift; sourceTree = "<group>"; };
		6FE1649A297DCE31008FFB01 /* VideoCollectionViewCell.swift */ = {isa = PBXFileReference; lastKnownFileType = sourcecode.swift; path = VideoCollectionViewCell.swift; sourceTree = "<group>"; };
		6FE1649D297DCEC2008FFB01 /* VideoModel.swift */ = {isa = PBXFileReference; lastKnownFileType = sourcecode.swift; path = VideoModel.swift; sourceTree = "<group>"; };
		6FE164A4297EEE9D008FFB01 /* video2.MP4 */ = {isa = PBXFileReference; lastKnownFileType = file; path = video2.MP4; sourceTree = "<group>"; };
		6FE164A6297EEEBA008FFB01 /* video4.MP4 */ = {isa = PBXFileReference; lastKnownFileType = file; path = video4.MP4; sourceTree = "<group>"; };
		6FE164A7297EEEBA008FFB01 /* video3.MP4 */ = {isa = PBXFileReference; lastKnownFileType = file; path = video3.MP4; sourceTree = "<group>"; };
/* End PBXFileReference section */

/* Begin PBXFrameworksBuildPhase section */
		6FE16474297D87E6008FFB01 /* Frameworks */ = {
			isa = PBXFrameworksBuildPhase;
			buildActionMask = 2147483647;
			files = (
			);
			runOnlyForDeploymentPostprocessing = 0;
		};
/* End PBXFrameworksBuildPhase section */

/* Begin PBXGroup section */
		6FE1646E297D87E6008FFB01 = {
			isa = PBXGroup;
			children = (
				6FE16479297D87E6008FFB01 /* feedTikTok */,
				6FE16478297D87E6008FFB01 /* Products */,
			);
			sourceTree = "<group>";
		};
		6FE16478297D87E6008FFB01 /* Products */ = {
			isa = PBXGroup;
			children = (
				6FE16477297D87E6008FFB01 /* feedTikTok.app */,
			);
			name = Products;
			sourceTree = "<group>";
		};
		6FE16479297D87E6008FFB01 /* feedTikTok */ = {
			isa = PBXGroup;
			children = (
				6FE1649C297DCEA0008FFB01 /* ViewModel */,
				6FE16499297DCE07008FFB01 /* Model */,
				6FE16490297DC8A9008FFB01 /* Controller */,
				6FE1648E297D8921008FFB01 /* video.mov */,
				6FE164A4297EEE9D008FFB01 /* video2.MP4 */,
				6FE164A7297EEEBA008FFB01 /* video3.MP4 */,
				6FE164A6297EEEBA008FFB01 /* video4.MP4 */,
				6FE1647A297D87E6008FFB01 /* AppDelegate.swift */,
				6FE1647C297D87E6008FFB01 /* SceneDelegate.swift */,
				6FE16480297D87E6008FFB01 /* Main.storyboard */,
				6FE16483297D87E8008FFB01 /* Assets.xcassets */,
				6FE16485297D87E8008FFB01 /* LaunchScreen.storyboard */,
				6FE16488297D87E8008FFB01 /* Info.plist */,
			);
			path = feedTikTok;
			sourceTree = "<group>";
		};
		6FE16490297DC8A9008FFB01 /* Controller */ = {
			isa = PBXGroup;
			children = (
				6FE1647E297D87E6008FFB01 /* ViewController.swift */,
				6FE16491297DC92C008FFB01 /* TabBarViewController.swift */,
				6FE16493297DC97A008FFB01 /* HomeViewController.swift */,
				6FE16495297DC9B6008FFB01 /* TikTokVideoViewController.swift */,
				6FE16497297DC9FE008FFB01 /* PeliculasViewController.swift */,
			);
			path = Controller;
			sourceTree = "<group>";
		};
		6FE16499297DCE07008FFB01 /* Model */ = {
			isa = PBXGroup;
			children = (
				6FE1649A297DCE31008FFB01 /* VideoCollectionViewCell.swift */,
			);
			path = Model;
			sourceTree = "<group>";
		};
		6FE1649C297DCEA0008FFB01 /* ViewModel */ = {
			isa = PBXGroup;
			children = (
				6FE1649D297DCEC2008FFB01 /* VideoModel.swift */,
			);
			path = ViewModel;
			sourceTree = "<group>";
		};
/* End PBXGroup section */

/* Begin PBXNativeTarget section */
		6FE16476297D87E6008FFB01 /* feedTikTok */ = {
			isa = PBXNativeTarget;
			buildConfigurationList = 6FE1648B297D87E8008FFB01 /* Build configuration list for PBXNativeTarget "feedTikTok" */;
			buildPhases = (
				6FE16473297D87E6008FFB01 /* Sources */,
				6FE16474297D87E6008FFB01 /* Frameworks */,
				6FE16475297D87E6008FFB01 /* Resources */,
			);
			buildRules = (
			);
			dependencies = (
			);
			name = feedTikTok;
			productName = feedTikTok;
			productReference = 6FE16477297D87E6008FFB01 /* feedTikTok.app */;
			productType = "com.apple.product-type.application";
		};
/* End PBXNativeTarget section */

/* Begin PBXProject section */
		6FE1646F297D87E6008FFB01 /* Project object */ = {
			isa = PBXProject;
			attributes = {
				BuildIndependentTargetsInParallel = 1;
				LastSwiftUpdateCheck = 1420;
				LastUpgradeCheck = 1420;
				TargetAttributes = {
					6FE16476297D87E6008FFB01 = {
						CreatedOnToolsVersion = 14.2;
					};
				};
			};
			buildConfigurationList = 6FE16472297D87E6008FFB01 /* Build configuration list for PBXProject "feedTikTok" */;
			compatibilityVersion = "Xcode 14.0";
			developmentRegion = en;
			hasScannedForEncodings = 0;
			knownRegions = (
				en,
				Base,
			);
			mainGroup = 6FE1646E297D87E6008FFB01;
			productRefGroup = 6FE16478297D87E6008FFB01 /* Products */;
			projectDirPath = "";
			projectRoot = "";
			targets = (
				6FE16476297D87E6008FFB01 /* feedTikTok */,
			);
		};
/* End PBXProject section */

/* Begin PBXResourcesBuildPhase section */
		6FE16475297D87E6008FFB01 /* Resources */ = {
			isa = PBXResourcesBuildPhase;
			buildActionMask = 2147483647;
			files = (
				6FE164A5297EEE9D008FFB01 /* video2.MP4 in Resources */,
				6FE16487297D87E8008FFB01 /* LaunchScreen.storyboard in Resources */,
				6FE164A8297EEEBA008FFB01 /* video4.MP4 in Resources */,
				6FE164A9297EEEBA008FFB01 /* video3.MP4 in Resources */,
				6FE1648F297D8922008FFB01 /* video.mov in Resources */,
				6FE16484297D87E8008FFB01 /* Assets.xcassets in Resources */,
				6FE16482297D87E6008FFB01 /* Main.storyboard in Resources */,
			);
			runOnlyForDeploymentPostprocessing = 0;
		};
/* End PBXResourcesBuildPhase section */

/* Begin PBXSourcesBuildPhase section */
		6FE16473297D87E6008FFB01 /* Sources */ = {
			isa = PBXSourcesBuildPhase;
			buildActionMask = 2147483647;
			files = (
				6FE16494297DC97A008FFB01 /* HomeViewController.swift in Sources */,
				6FE16498297DC9FE008FFB01 /* PeliculasViewController.swift in Sources */,
				6FE16492297DC92C008FFB01 /* TabBarViewController.swift in Sources */,
				6FE16496297DC9B6008FFB01 /* TikTokVideoViewController.swift in Sources */,
				6FE1649E297DCEC2008FFB01 /* VideoModel.swift in Sources */,
				6FE1647F297D87E6008FFB01 /* ViewController.swift in Sources */,
				6FE1647B297D87E6008FFB01 /* AppDelegate.swift in Sources */,
				6FE1649B297DCE31008FFB01 /* VideoCollectionViewCell.swift in Sources */,
				6FE1647D297D87E6008FFB01 /* SceneDelegate.swift in Sources */,
			);
			runOnlyForDeploymentPostprocessing = 0;
		};
/* End PBXSourcesBuildPhase section */

/* Begin PBXVariantGroup section */
		6FE16480297D87E6008FFB01 /* Main.storyboard */ = {
			isa = PBXVariantGroup;
			children = (
				6FE16481297D87E6008FFB01 /* Base */,
			);
			name = Main.storyboard;
			sourceTree = "<group>";
		};
		6FE16485297D87E8008FFB01 /* LaunchScreen.storyboard */ = {
			isa = PBXVariantGroup;
			children = (
				6FE16486297D87E8008FFB01 /* Base */,
			);
			name = LaunchScreen.storyboard;
			sourceTree = "<group>";
		};
/* End PBXVariantGroup section */

/* Begin XCBuildConfiguration section */
		6FE16489297D87E8008FFB01 /* Debug */ = {
			isa = XCBuildConfiguration;
			buildSettings = {
				ALWAYS_SEARCH_USER_PATHS = NO;
				CLANG_ANALYZER_NONNULL = YES;
				CLANG_ANALYZER_NUMBER_OBJECT_CONVERSION = YES_AGGRESSIVE;
				CLANG_CXX_LANGUAGE_STANDARD = "gnu++20";
				CLANG_ENABLE_MODULES = YES;
				CLANG_ENABLE_OBJC_ARC = YES;
				CLANG_ENABLE_OBJC_WEAK = YES;
				CLANG_WARN_BLOCK_CAPTURE_AUTORELEASING = YES;
				CLANG_WARN_BOOL_CONVERSION = YES;
				CLANG_WARN_COMMA = YES;
				CLANG_WARN_CONSTANT_CONVERSION = YES;
				CLANG_WARN_DEPRECATED_OBJC_IMPLEMENTATIONS = YES;
				CLANG_WARN_DIRECT_OBJC_ISA_USAGE = YES_ERROR;
				CLANG_WARN_DOCUMENTATION_COMMENTS = YES;
				CLANG_WARN_EMPTY_BODY = YES;
				CLANG_WARN_ENUM_CONVERSION = YES;
				CLANG_WARN_INFINITE_RECURSION = YES;
				CLANG_WARN_INT_CONVERSION = YES;
				CLANG_WARN_NON_LITERAL_NULL_CONVERSION = YES;
				CLANG_WARN_OBJC_IMPLICIT_RETAIN_SELF = YES;
				CLANG_WARN_OBJC_LITERAL_CONVERSION = YES;
				CLANG_WARN_OBJC_ROOT_CLASS = YES_ERROR;
				CLANG_WARN_QUOTED_INCLUDE_IN_FRAMEWORK_HEADER = YES;
				CLANG_WARN_RANGE_LOOP_ANALYSIS = YES;
				CLANG_WARN_STRICT_PROTOTYPES = YES;
				CLANG_WARN_SUSPICIOUS_MOVE = YES;
				CLANG_WARN_UNGUARDED_AVAILABILITY = YES_AGGRESSIVE;
				CLANG_WARN_UNREACHABLE_CODE = YES;
				CLANG_WARN__DUPLICATE_METHOD_MATCH = YES;
				COPY_PHASE_STRIP = NO;
				DEBUG_INFORMATION_FORMAT = dwarf;
				ENABLE_STRICT_OBJC_MSGSEND = YES;
				ENABLE_TESTABILITY = YES;
				GCC_C_LANGUAGE_STANDARD = gnu11;
				GCC_DYNAMIC_NO_PIC = NO;
				GCC_NO_COMMON_BLOCKS = YES;
				GCC_OPTIMIZATION_LEVEL = 0;
				GCC_PREPROCESSOR_DEFINITIONS = (
					"DEBUG=1",
					"$(inherited)",
				);
				GCC_WARN_64_TO_32_BIT_CONVERSION = YES;
				GCC_WARN_ABOUT_RETURN_TYPE = YES_ERROR;
				GCC_WARN_UNDECLARED_SELECTOR = YES;
				GCC_WARN_UNINITIALIZED_AUTOS = YES_AGGRESSIVE;
				GCC_WARN_UNUSED_FUNCTION = YES;
				GCC_WARN_UNUSED_VARIABLE = YES;
				IPHONEOS_DEPLOYMENT_TARGET = 16.2;
				MTL_ENABLE_DEBUG_INFO = INCLUDE_SOURCE;
				MTL_FAST_MATH = YES;
				ONLY_ACTIVE_ARCH = YES;
				SDKROOT = iphoneos;
				SWIFT_ACTIVE_COMPILATION_CONDITIONS = DEBUG;
				SWIFT_OPTIMIZATION_LEVEL = "-Onone";
			};
			name = Debug;
		};
		6FE1648A297D87E8008FFB01 /* Release */ = {
			isa = XCBuildConfiguration;
			buildSettings = {
				ALWAYS_SEARCH_USER_PATHS = NO;
				CLANG_ANALYZER_NONNULL = YES;
				CLANG_ANALYZER_NUMBER_OBJECT_CONVERSION = YES_AGGRESSIVE;
				CLANG_CXX_LANGUAGE_STANDARD = "gnu++20";
				CLANG_ENABLE_MODULES = YES;
				CLANG_ENABLE_OBJC_ARC = YES;
				CLANG_ENABLE_OBJC_WEAK = YES;
				CLANG_WARN_BLOCK_CAPTURE_AUTORELEASING = YES;
				CLANG_WARN_BOOL_CONVERSION = YES;
				CLANG_WARN_COMMA = YES;
				CLANG_WARN_CONSTANT_CONVERSION = YES;
				CLANG_WARN_DEPRECATED_OBJC_IMPLEMENTATIONS = YES;
				CLANG_WARN_DIRECT_OBJC_ISA_USAGE = YES_ERROR;
				CLANG_WARN_DOCUMENTATION_COMMENTS = YES;
				CLANG_WARN_EMPTY_BODY = YES;
				CLANG_WARN_ENUM_CONVERSION = YES;
				CLANG_WARN_INFINITE_RECURSION = YES;
				CLANG_WARN_INT_CONVERSION = YES;
				CLANG_WARN_NON_LITERAL_NULL_CONVERSION = YES;
				CLANG_WARN_OBJC_IMPLICIT_RETAIN_SELF = YES;
				CLANG_WARN_OBJC_LITERAL_CONVERSION = YES;
				CLANG_WARN_OBJC_ROOT_CLASS = YES_ERROR;
				CLANG_WARN_QUOTED_INCLUDE_IN_FRAMEWORK_HEADER = YES;
				CLANG_WARN_RANGE_LOOP_ANALYSIS = YES;
				CLANG_WARN_STRICT_PROTOTYPES = YES;
				CLANG_WARN_SUSPICIOUS_MOVE = YES;
				CLANG_WARN_UNGUARDED_AVAILABILITY = YES_AGGRESSIVE;
				CLANG_WARN_UNREACHABLE_CODE = YES;
				CLANG_WARN__DUPLICATE_METHOD_MATCH = YES;
				COPY_PHASE_STRIP = NO;
				DEBUG_INFORMATION_FORMAT = "dwarf-with-dsym";
				ENABLE_NS_ASSERTIONS = NO;
				ENABLE_STRICT_OBJC_MSGSEND = YES;
				GCC_C_LANGUAGE_STANDARD = gnu11;
				GCC_NO_COMMON_BLOCKS = YES;
				GCC_WARN_64_TO_32_BIT_CONVERSION = YES;
				GCC_WARN_ABOUT_RETURN_TYPE = YES_ERROR;
				GCC_WARN_UNDECLARED_SELECTOR = YES;
				GCC_WARN_UNINITIALIZED_AUTOS = YES_AGGRESSIVE;
				GCC_WARN_UNUSED_FUNCTION = YES;
				GCC_WARN_UNUSED_VARIABLE = YES;
				IPHONEOS_DEPLOYMENT_TARGET = 16.2;
				MTL_ENABLE_DEBUG_INFO = NO;
				MTL_FAST_MATH = YES;
				SDKROOT = iphoneos;
				SWIFT_COMPILATION_MODE = wholemodule;
				SWIFT_OPTIMIZATION_LEVEL = "-O";
				VALIDATE_PRODUCT = YES;
			};
			name = Release;
		};
		6FE1648C297D87E8008FFB01 /* Debug */ = {
			isa = XCBuildConfiguration;
			buildSettings = {
				ASSETCATALOG_COMPILER_APPICON_NAME = AppIcon;
				ASSETCATALOG_COMPILER_GLOBAL_ACCENT_COLOR_NAME = AccentColor;
				CODE_SIGN_STYLE = Automatic;
				CURRENT_PROJECT_VERSION = 1;
				DEVELOPMENT_TEAM = GP4P669DH8;
				GENERATE_INFOPLIST_FILE = YES;
				INFOPLIST_FILE = feedTikTok/Info.plist;
				INFOPLIST_KEY_UIApplicationSupportsIndirectInputEvents = YES;
				INFOPLIST_KEY_UILaunchStoryboardName = LaunchScreen;
				INFOPLIST_KEY_UIMainStoryboardFile = Main;
				INFOPLIST_KEY_UISupportedInterfaceOrientations_iPad = "UIInterfaceOrientationPortrait UIInterfaceOrientationPortraitUpsideDown UIInterfaceOrientationLandscapeLeft UIInterfaceOrientationLandscapeRight";
				INFOPLIST_KEY_UISupportedInterfaceOrientations_iPhone = "UIInterfaceOrientationPortrait UIInterfaceOrientationLandscapeLeft UIInterfaceOrientationLandscapeRight";
				LD_RUNPATH_SEARCH_PATHS = (
					"$(inherited)",
					"@executable_path/Frameworks",
				);
				MARKETING_VERSION = 1.0;
				PRODUCT_BUNDLE_IDENTIFIER = nico.feedTikTok;
				PRODUCT_NAME = "$(TARGET_NAME)";
				SWIFT_EMIT_LOC_STRINGS = YES;
				SWIFT_VERSION = 5.0;
				TARGETED_DEVICE_FAMILY = "1,2";
			};
			name = Debug;
		};
		6FE1648D297D87E8008FFB01 /* Release */ = {
			isa = XCBuildConfiguration;
			buildSettings = {
				ASSETCATALOG_COMPILER_APPICON_NAME = AppIcon;
				ASSETCATALOG_COMPILER_GLOBAL_ACCENT_COLOR_NAME = AccentColor;
				CODE_SIGN_STYLE = Automatic;
				CURRENT_PROJECT_VERSION = 1;
				DEVELOPMENT_TEAM = GP4P669DH8;
				GENERATE_INFOPLIST_FILE = YES;
				INFOPLIST_FILE = feedTikTok/Info.plist;
				INFOPLIST_KEY_UIApplicationSupportsIndirectInputEvents = YES;
				INFOPLIST_KEY_UILaunchStoryboardName = LaunchScreen;
				INFOPLIST_KEY_UIMainStoryboardFile = Main;
				INFOPLIST_KEY_UISupportedInterfaceOrientations_iPad = "UIInterfaceOrientationPortrait UIInterfaceOrientationPortraitUpsideDown UIInterfaceOrientationLandscapeLeft UIInterfaceOrientationLandscapeRight";
				INFOPLIST_KEY_UISupportedInterfaceOrientations_iPhone = "UIInterfaceOrientationPortrait UIInterfaceOrientationLandscapeLeft UIInterfaceOrientationLandscapeRight";
				LD_RUNPATH_SEARCH_PATHS = (
					"$(inherited)",
					"@executable_path/Frameworks",
				);
				MARKETING_VERSION = 1.0;
				PRODUCT_BUNDLE_IDENTIFIER = nico.feedTikTok;
				PRODUCT_NAME = "$(TARGET_NAME)";
				SWIFT_EMIT_LOC_STRINGS = YES;
				SWIFT_VERSION = 5.0;
				TARGETED_DEVICE_FAMILY = "1,2";
			};
			name = Release;
		};
/* End XCBuildConfiguration section */

/* Begin XCConfigurationList section */
		6FE16472297D87E6008FFB01 /* Build configuration list for PBXProject "feedTikTok" */ = {
			isa = XCConfigurationList;
			buildConfigurations = (
				6FE16489297D87E8008FFB01 /* Debug */,
				6FE1648A297D87E8008FFB01 /* Release */,
			);
			defaultConfigurationIsVisible = 0;
			defaultConfigurationName = Release;
		};
		6FE1648B297D87E8008FFB01 /* Build configuration list for PBXNativeTarget "feedTikTok" */ = {
			isa = XCConfigurationList;
			buildConfigurations = (
				6FE1648C297D87E8008FFB01 /* Debug */,
				6FE1648D297D87E8008FFB01 /* Release */,
			);
			defaultConfigurationIsVisible = 0;
			defaultConfigurationName = Release;
		};
/* End XCConfigurationList section */
	};
	rootObject = 6FE1646F297D87E6008FFB01 /* Project object */;
}
